
Microsoft Visual Studio Solution File, Format Version 12.00
# Visual Studio 15
VisualStudioVersion = 15.0.28010.2050
MinimumVisualStudioVersion = 10.0.40219.1
Project("{2150E333-8FDC-42A3-9474-1A3956D46DE8}") = "Middleware", "Middleware", "{C90C9B40-6F3A-4538-BB15-199F2F30E35C}"
EndProject
Project("{2150E333-8FDC-42A3-9474-1A3956D46DE8}") = "Sample", "Sample", "{E0BC37E5-6297-4707-B7C6-98A220BB9D3E}"
EndProject
Project("{9A19103F-16F7-4668-BE54-9A1E7A4F7556}") = "CanalSharp.AspNetCore.Middleware", "Middleware\CanalSharp.AspNetCore.Middleware.csproj", "{968C16C5-5E42-4620-BD27-FE73067207C5}"
EndProject
Project("{9A19103F-16F7-4668-BE54-9A1E7A4F7556}") = "CanalSharp.AspNetCore.Sample", "Sample\CanalSharp.AspNetCore.Sample\CanalSharp.AspNetCore.Sample.csproj", "{8A85A53D-5712-49E4-BAB6-3780D2B423A8}"
EndProject
Global
	GlobalSection(SolutionConfigurationPlatforms) = preSolution
		Debug|Any CPU = Debug|Any CPU
		Release|Any CPU = Release|Any CPU
	EndGlobalSection
	GlobalSection(ProjectConfigurationPlatforms) = postSolution
		{968C16C5-5E42-4620-BD27-FE73067207C5}.Debug|Any CPU.ActiveCfg = Debug|Any CPU
		{968C16C5-5E42-4620-BD27-FE73067207C5}.Debug|Any CPU.Build.0 = Debug|Any CPU
		{968C16C5-5E42-4620-BD27-FE73067207C5}.Release|Any CPU.ActiveCfg = Release|Any CPU
		{968C16C5-5E42-4620-BD27-FE73067207C5}.Release|Any CPU.Build.0 = Release|Any CPU
		{8A85A53D-5712-49E4-BAB6-3780D2B423A8}.Debug|Any CPU.ActiveCfg = Debug|Any CPU
		{8A85A53D-5712-49E4-BAB6-3780D2B423A8}.Debug|Any CPU.Build.0 = Debug|Any CPU
		{8A85A53D-5712-49E4-BAB6-3780D2B423A8}.Release|Any CPU.ActiveCfg = Release|Any CPU
		{8A85A53D-5712-49E4-BAB6-3780D2B423A8}.Release|Any CPU.Build.0 = Release|Any CPU
	EndGlobalSection
	GlobalSection(SolutionProperties) = preSolution
		HideSolutionNode = FALSE
	EndGlobalSection
	GlobalSection(NestedProjects) = preSolution
		{968C16C5-5E42-4620-BD27-FE73067207C5} = {C90C9B40-6F3A-4538-BB15-199F2F30E35C}
		{8A85A53D-5712-49E4-BAB6-3780D2B423A8} = {E0BC37E5-6297-4707-B7C6-98A220BB9D3E}
	EndGlobalSection
	GlobalSection(ExtensibilityGlobals) = postSolution
		SolutionGuid = {3636BE21-2284-462F-B837-99442CC32B22}
	EndGlobalSection
EndGlobal
