
Microsoft Visual Studio Solution File, Format Version 12.00
# Visual Studio 15
VisualStudioVersion = 15.0.28010.2050
MinimumVisualStudioVersion = 10.0.40219.1
Project("{9A19103F-16F7-4668-BE54-9A1E7A4F7556}") = "CanalSharp.AspNetCore", "CanalSharp.AspNetCore.csproj", "{F500CE2E-CA2C-4A6F-A89C-B5A2D6763405}"
EndProject
Project("{9A19103F-16F7-4668-BE54-9A1E7A4F7556}") = "CanalSharp.AspNetCore.Sample", "..\sample\CanalSharp.AspNetCore.Sample.csproj", "{87A374B6-78EA-43D6-B3DF-943343C63230}"
EndProject
Global
	GlobalSection(SolutionConfigurationPlatforms) = preSolution
		Debug|Any CPU = Debug|Any CPU
		Release|Any CPU = Release|Any CPU
	EndGlobalSection
	GlobalSection(ProjectConfigurationPlatforms) = postSolution
		{F500CE2E-CA2C-4A6F-A89C-B5A2D6763405}.Debug|Any CPU.ActiveCfg = Debug|Any CPU
		{F500CE2E-CA2C-4A6F-A89C-B5A2D6763405}.Debug|Any CPU.Build.0 = Debug|Any CPU
		{F500CE2E-CA2C-4A6F-A89C-B5A2D6763405}.Release|Any CPU.ActiveCfg = Release|Any CPU
		{F500CE2E-CA2C-4A6F-A89C-B5A2D6763405}.Release|Any CPU.Build.0 = Release|Any CPU
		{87A374B6-78EA-43D6-B3DF-943343C63230}.Debug|Any CPU.ActiveCfg = Debug|Any CPU
		{87A374B6-78EA-43D6-B3DF-943343C63230}.Debug|Any CPU.Build.0 = Debug|Any CPU
		{87A374B6-78EA-43D6-B3DF-943343C63230}.Release|Any CPU.ActiveCfg = Release|Any CPU
		{87A374B6-78EA-43D6-B3DF-943343C63230}.Release|Any CPU.Build.0 = Release|Any CPU
	EndGlobalSection
	GlobalSection(SolutionProperties) = preSolution
		HideSolutionNode = FALSE
	EndGlobalSection
	GlobalSection(ExtensibilityGlobals) = postSolution
		SolutionGuid = {3636BE21-2284-462F-B837-99442CC32B22}
	EndGlobalSection
EndGlobal
